
Microsoft Visual Studio Solution File, Format Version 12.00
# Visual Studio Version 16
VisualStudioVersion = 16.0.30621.155
MinimumVisualStudioVersion = 10.0.40219.1
Project("{9A19103F-16F7-4668-BE54-9A1E7A4F7556}") = "Lab3-AspPageWebApplication", "Lab3-AspPageWebApplication\Lab3-AspPageWebApplication.csproj", "{DC881C06-C20A-4099-8E78-9D7CB30EF2A6}"
EndProject
Project("{9A19103F-16F7-4668-BE54-9A1E7A4F7556}") = "AspPageWebApplication.Application", "AspPageWebApplication.Application\AspPageWebApplication.Application.csproj", "{1D162CA3-31CC-4EDB-9758-87EBAC608CE9}"
EndProject
Project("{9A19103F-16F7-4668-BE54-9A1E7A4F7556}") = "AspPageWebApplication.Domain", "AspPageWebApplication.Domain\AspPageWebApplication.Domain.csproj", "{15DE1078-94E2-4585-A225-AF91AB861820}"
EndProject
Project("{9A19103F-16F7-4668-BE54-9A1E7A4F7556}") = "AspPageWebApplication.Data", "AspPageWebApplication.Data\AspPageWebApplication.Data.csproj", "{4EA8F049-5C2B-4F0D-A951-7F0CBD7C4613}"
EndProject
Global
	GlobalSection(SolutionConfigurationPlatforms) = preSolution
		Debug|Any CPU = Debug|Any CPU
		Release|Any CPU = Release|Any CPU
	EndGlobalSection
	GlobalSection(ProjectConfigurationPlatforms) = postSolution
		{DC881C06-C20A-4099-8E78-9D7CB30EF2A6}.Debug|Any CPU.ActiveCfg = Debug|Any CPU
		{DC881C06-C20A-4099-8E78-9D7CB30EF2A6}.Debug|Any CPU.Build.0 = Debug|Any CPU
		{DC881C06-C20A-4099-8E78-9D7CB30EF2A6}.Release|Any CPU.ActiveCfg = Release|Any CPU
		{DC881C06-C20A-4099-8E78-9D7CB30EF2A6}.Release|Any CPU.Build.0 = Release|Any CPU
		{1D162CA3-31CC-4EDB-9758-87EBAC608CE9}.Debug|Any CPU.ActiveCfg = Debug|Any CPU
		{1D162CA3-31CC-4EDB-9758-87EBAC608CE9}.Debug|Any CPU.Build.0 = Debug|Any CPU
		{1D162CA3-31CC-4EDB-9758-87EBAC608CE9}.Release|Any CPU.ActiveCfg = Release|Any CPU
		{1D162CA3-31CC-4EDB-9758-87EBAC608CE9}.Release|Any CPU.Build.0 = Release|Any CPU
		{15DE1078-94E2-4585-A225-AF91AB861820}.Debug|Any CPU.ActiveCfg = Debug|Any CPU
		{15DE1078-94E2-4585-A225-AF91AB861820}.Debug|Any CPU.Build.0 = Debug|Any CPU
		{15DE1078-94E2-4585-A225-AF91AB861820}.Release|Any CPU.ActiveCfg = Release|Any CPU
		{15DE1078-94E2-4585-A225-AF91AB861820}.Release|Any CPU.Build.0 = Release|Any CPU
		{4EA8F049-5C2B-4F0D-A951-7F0CBD7C4613}.Debug|Any CPU.ActiveCfg = Debug|Any CPU
		{4EA8F049-5C2B-4F0D-A951-7F0CBD7C4613}.Debug|Any CPU.Build.0 = Debug|Any CPU
		{4EA8F049-5C2B-4F0D-A951-7F0CBD7C4613}.Release|Any CPU.ActiveCfg = Release|Any CPU
		{4EA8F049-5C2B-4F0D-A951-7F0CBD7C4613}.Release|Any CPU.Build.0 = Release|Any CPU
	EndGlobalSection
	GlobalSection(SolutionProperties) = preSolution
		HideSolutionNode = FALSE
	EndGlobalSection
	GlobalSection(ExtensibilityGlobals) = postSolution
		SolutionGuid = {9C5F6546-32DD-46E2-8245-17D6EF05A2A0}
	EndGlobalSection
EndGlobal
